// !$*UTF8*$!
{
	archiveVersion = 1;
	classes = {
	};
	objectVersion = 44;
	objects = {

/* Begin PBXBuildFile section */
		0091D8F90E81B9330029341E /* OpenGL.framework in Frameworks */ = {isa = PBXBuildFile; fileRef = 0091D8F80E81B9330029341E /* OpenGL.framework */; };
		00B784B30FF439BC000DE1D7 /* Accelerate.framework in Frameworks */ = {isa = PBXBuildFile; fileRef = 00B784AF0FF439BC000DE1D7 /* Accelerate.framework */; };
		00B784B40FF439BC000DE1D7 /* AudioToolbox.framework in Frameworks */ = {isa = PBXBuildFile; fileRef = 00B784B00FF439BC000DE1D7 /* AudioToolbox.framework */; };
		00B784B50FF439BC000DE1D7 /* AudioUnit.framework in Frameworks */ = {isa = PBXBuildFile; fileRef = 00B784B10FF439BC000DE1D7 /* AudioUnit.framework */; };
		00B784B60FF439BC000DE1D7 /* CoreAudio.framework in Frameworks */ = {isa = PBXBuildFile; fileRef = 00B784B20FF439BC000DE1D7 /* CoreAudio.framework */; };
		5323E6B20EAFCA74003A9687 /* CoreVideo.framework in Frameworks */ = {isa = PBXBuildFile; fileRef = 5323E6B10EAFCA74003A9687 /* CoreVideo.framework */; };
		5323E6B60EAFCA7E003A9687 /* QTKit.framework in Frameworks */ = {isa = PBXBuildFile; fileRef = 5323E6B50EAFCA7E003A9687 /* QTKit.framework */; };
		8D11072F0486CEB800E47090 /* Cocoa.framework in Frameworks */ = {isa = PBXBuildFile; fileRef = 1058C7A1FEA54F0111CA2CBB /* Cocoa.framework */; };
		A21014AE91DC44A084837736 /* CinderOpenCV.h in Headers */ = {isa = PBXBuildFile; fileRef = 3173C18064224D188AAE0B01 /* CinderOpenCV.h */; };
		BC487375C47F49E49FC73D1B /* WarpPerspectiveBilinear.cpp in Sources */ = {isa = PBXBuildFile; fileRef = 50946AAB93D94035BCA0D961 /* WarpPerspectiveBilinear.cpp */; };
		ED96D6FDC21C4F82A5401AC6 /* WarpPerspective.cpp in Sources */ = {isa = PBXBuildFile; fileRef = F03E6D1BABF84B9B93C19388 /* WarpPerspective.cpp */; };
		BB2523EEA22947969F207DC8 /* WarpBilinear.cpp in Sources */ = {isa = PBXBuildFile; fileRef = 1CF39A9A0F534FF9B90BFBC2 /* WarpBilinear.cpp */; };
		367D742DB60349C29635961F /* Warp.cpp in Sources */ = {isa = PBXBuildFile; fileRef = 09BF9B5BE37144BF98690EBB /* Warp.cpp */; };
		AE28B5D5E7234A4A9684DD1C /* WarpPerspectiveBilinear.h in Headers */ = {isa = PBXBuildFile; fileRef = AB866EE97F9040C8A9D691C8 /* WarpPerspectiveBilinear.h */; };
		2D0BCED6404149B6836120DB /* WarpPerspective.h in Headers */ = {isa = PBXBuildFile; fileRef = 1620946A36EC4C82B9EF97BF /* WarpPerspective.h */; };
		0FB43DC453374C0585103AF5 /* WarpBilinear.h in Headers */ = {isa = PBXBuildFile; fileRef = 823DC1E0C5724456BD1A3D3D /* WarpBilinear.h */; };
		A214DEC21A364035ADE5109E /* Warp.h in Headers */ = {isa = PBXBuildFile; fileRef = 1FE20314444B41D796A22398 /* Warp.h */; };
		D1AAC7CBB59F4BB4898ED098 /* WarpTestApp.cpp in Sources */ = {isa = PBXBuildFile; fileRef = AF6CEF4A50224348A28C87FB /* WarpTestApp.cpp */; };
		5B843ED80C2249739C3A1780 /* WarpTest_Prefix.pch in Headers */ = {isa = PBXBuildFile; fileRef = F37A1C6D339D4C0387ACAC79 /* WarpTest_Prefix.pch */; };
		A72BA3463D03436C84136F18 /* CinderApp.icns in Resources */ = {isa = PBXBuildFile; fileRef = EA79C31F30094A9686652FE5 /* CinderApp.icns */; };
		38590BD4051E4B7BA4D194B9 /* Resources.h in Headers */ = {isa = PBXBuildFile; fileRef = E7D2CF4E74E143E5B22CBB3F /* Resources.h */; };
/* End PBXBuildFile section */

/* Begin PBXFileReference section */
		0091D8F80E81B9330029341E /* OpenGL.framework */ = {isa = PBXFileReference; lastKnownFileType = wrapper.framework; name = OpenGL.framework; path = /System/Library/Frameworks/OpenGL.framework; sourceTree = "<absolute>"; };
		00B784AF0FF439BC000DE1D7 /* Accelerate.framework */ = {isa = PBXFileReference; lastKnownFileType = wrapper.framework; name = Accelerate.framework; path = System/Library/Frameworks/Accelerate.framework; sourceTree = SDKROOT; };
		00B784B00FF439BC000DE1D7 /* AudioToolbox.framework */ = {isa = PBXFileReference; lastKnownFileType = wrapper.framework; name = AudioToolbox.framework; path = System/Library/Frameworks/AudioToolbox.framework; sourceTree = SDKROOT; };
		00B784B10FF439BC000DE1D7 /* AudioUnit.framework */ = {isa = PBXFileReference; lastKnownFileType = wrapper.framework; name = AudioUnit.framework; path = System/Library/Frameworks/AudioUnit.framework; sourceTree = SDKROOT; };
		00B784B20FF439BC000DE1D7 /* CoreAudio.framework */ = {isa = PBXFileReference; lastKnownFileType = wrapper.framework; name = CoreAudio.framework; path = System/Library/Frameworks/CoreAudio.framework; sourceTree = SDKROOT; };
		1058C7A1FEA54F0111CA2CBB /* Cocoa.framework */ = {isa = PBXFileReference; lastKnownFileType = wrapper.framework; name = Cocoa.framework; path = /System/Library/Frameworks/Cocoa.framework; sourceTree = "<absolute>"; };
		29B97324FDCFA39411CA2CEA /* AppKit.framework */ = {isa = PBXFileReference; lastKnownFileType = wrapper.framework; name = AppKit.framework; path = /System/Library/Frameworks/AppKit.framework; sourceTree = "<absolute>"; };
		29B97325FDCFA39411CA2CEA /* Foundation.framework */ = {isa = PBXFileReference; lastKnownFileType = wrapper.framework; name = Foundation.framework; path = /System/Library/Frameworks/Foundation.framework; sourceTree = "<absolute>"; };
		5323E6B10EAFCA74003A9687 /* CoreVideo.framework */ = {isa = PBXFileReference; lastKnownFileType = wrapper.framework; name = CoreVideo.framework; path = /System/Library/Frameworks/CoreVideo.framework; sourceTree = "<absolute>"; };
		5323E6B50EAFCA7E003A9687 /* QTKit.framework */ = {isa = PBXFileReference; lastKnownFileType = wrapper.framework; name = QTKit.framework; path = /System/Library/Frameworks/QTKit.framework; sourceTree = "<absolute>"; };
		8D1107320486CEB800E47090 /* WarpTest.app */ = {isa = PBXFileReference; explicitFileType = wrapper.application; includeInIndex = 0; path = WarpTest.app; sourceTree = BUILT_PRODUCTS_DIR; };
		E7D2CF4E74E143E5B22CBB3F /* Resources.h */ = {isa = PBXFileReference; lastKnownFileType = sourcecode.c.h; path = ../include/Resources.h; sourceTree = "<group>"; name = Resources.h; };
		EA79C31F30094A9686652FE5 /* CinderApp.icns */ = {isa = PBXFileReference; lastKnownFileType = image.icns; path = ../resources/CinderApp.icns; sourceTree = "<group>"; name = CinderApp.icns; };
		7A7AD0F3D20446069466F1BF /* Info.plist */ = {isa = PBXFileReference; lastKnownFileType = text.plist.xml; path = Info.plist; sourceTree = "<group>"; name = Info.plist; };
		F37A1C6D339D4C0387ACAC79 /* WarpTest_Prefix.pch */ = {isa = PBXFileReference; lastKnownFileType = "\"\""; path = WarpTest_Prefix.pch; sourceTree = "<group>"; name = WarpTest_Prefix.pch; };
		AF6CEF4A50224348A28C87FB /* WarpTestApp.cpp */ = {isa = PBXFileReference; lastKnownFileType = sourcecode.c.cpp; path = ../src/WarpTestApp.cpp; sourceTree = "<group>"; name = WarpTestApp.cpp; };
		1FE20314444B41D796A22398 /* Warp.h */ = {isa = PBXFileReference; lastKnownFileType = sourcecode.c.h; path = ../blocks/Warping/include/Warp.h; sourceTree = "<group>"; name = Warp.h; };
		823DC1E0C5724456BD1A3D3D /* WarpBilinear.h */ = {isa = PBXFileReference; lastKnownFileType = sourcecode.c.h; path = ../blocks/Warping/include/WarpBilinear.h; sourceTree = "<group>"; name = WarpBilinear.h; };
		1620946A36EC4C82B9EF97BF /* WarpPerspective.h */ = {isa = PBXFileReference; lastKnownFileType = sourcecode.c.h; path = ../blocks/Warping/include/WarpPerspective.h; sourceTree = "<group>"; name = WarpPerspective.h; };
		AB866EE97F9040C8A9D691C8 /* WarpPerspectiveBilinear.h */ = {isa = PBXFileReference; lastKnownFileType = sourcecode.c.h; path = ../blocks/Warping/include/WarpPerspectiveBilinear.h; sourceTree = "<group>"; name = WarpPerspectiveBilinear.h; };
		09BF9B5BE37144BF98690EBB /* Warp.cpp */ = {isa = PBXFileReference; lastKnownFileType = sourcecode.c.cpp; path = ../blocks/Warping/src/Warp.cpp; sourceTree = "<group>"; name = Warp.cpp; };
		1CF39A9A0F534FF9B90BFBC2 /* WarpBilinear.cpp */ = {isa = PBXFileReference; lastKnownFileType = sourcecode.c.cpp; path = ../blocks/Warping/src/WarpBilinear.cpp; sourceTree = "<group>"; name = WarpBilinear.cpp; };
		F03E6D1BABF84B9B93C19388 /* WarpPerspective.cpp */ = {isa = PBXFileReference; lastKnownFileType = sourcecode.c.cpp; path = ../blocks/Warping/src/WarpPerspective.cpp; sourceTree = "<group>"; name = WarpPerspective.cpp; };
		50946AAB93D94035BCA0D961 /* WarpPerspectiveBilinear.cpp */ = {isa = PBXFileReference; lastKnownFileType = sourcecode.c.cpp; path = ../blocks/Warping/src/WarpPerspectiveBilinear.cpp; sourceTree = "<group>"; name = WarpPerspectiveBilinear.cpp; };
		3173C18064224D188AAE0B01 /* CinderOpenCV.h */ = {isa = PBXFileReference; lastKnownFileType = sourcecode.c.h; path = ../blocks/OpenCV/include/CinderOpenCV.h; sourceTree = "<group>"; name = CinderOpenCV.h; };
/* End PBXFileReference section */

/* Begin PBXFrameworksBuildPhase section */
		8D11072E0486CEB800E47090 /* Frameworks */ = {
			isa = PBXFrameworksBuildPhase;
			buildActionMask = 2147483647;
			files = (
				8D11072F0486CEB800E47090 /* Cocoa.framework in Frameworks */,
				0091D8F90E81B9330029341E /* OpenGL.framework in Frameworks */,
				5323E6B20EAFCA74003A9687 /* CoreVideo.framework in Frameworks */,
				5323E6B60EAFCA7E003A9687 /* QTKit.framework in Frameworks */,
				00B784B30FF439BC000DE1D7 /* Accelerate.framework in Frameworks */,
				00B784B40FF439BC000DE1D7 /* AudioToolbox.framework in Frameworks */,
				00B784B50FF439BC000DE1D7 /* AudioUnit.framework in Frameworks */,
				00B784B60FF439BC000DE1D7 /* CoreAudio.framework in Frameworks */,
			);
			runOnlyForDeploymentPostprocessing = 0;
		};
/* End PBXFrameworksBuildPhase section */

/* Begin PBXGroup section */
		080E96DDFE201D6D7F000001 /* Source */ = {
			isa = PBXGroup;
			children = (
				AF6CEF4A50224348A28C87FB /* WarpTestApp.cpp */,
			);
			name = Source;
			sourceTree = "<group>";
		};
		1058C7A0FEA54F0111CA2CBB /* Linked Frameworks */ = {
			isa = PBXGroup;
			children = (
				00B784AF0FF439BC000DE1D7 /* Accelerate.framework */,
				00B784B00FF439BC000DE1D7 /* AudioToolbox.framework */,
				00B784B10FF439BC000DE1D7 /* AudioUnit.framework */,
				00B784B20FF439BC000DE1D7 /* CoreAudio.framework */,
				5323E6B50EAFCA7E003A9687 /* QTKit.framework */,
				5323E6B10EAFCA74003A9687 /* CoreVideo.framework */,
				0091D8F80E81B9330029341E /* OpenGL.framework */,
				1058C7A1FEA54F0111CA2CBB /* Cocoa.framework */,
			);
			name = "Linked Frameworks";
			sourceTree = "<group>";
		};
		1058C7A2FEA54F0111CA2CBB /* Other Frameworks */ = {
			isa = PBXGroup;
			children = (
				29B97324FDCFA39411CA2CEA /* AppKit.framework */,
				29B97325FDCFA39411CA2CEA /* Foundation.framework */,
			);
			name = "Other Frameworks";
			sourceTree = "<group>";
		};
		19C28FACFE9D520D11CA2CBB /* Products */ = {
			isa = PBXGroup;
			children = (
				8D1107320486CEB800E47090 /* WarpTest.app */,
			);
			name = Products;
			sourceTree = "<group>";
		};
		29B97314FDCFA39411CA2CEA /* WarpTest */ = {
			isa = PBXGroup;
			children = (
				01B97315FEAEA392516A2CEA /* Blocks */,
				29B97315FDCFA39411CA2CEA /* Headers */,
				080E96DDFE201D6D7F000001 /* Source */,
				29B97317FDCFA39411CA2CEA /* Resources */,
				29B97323FDCFA39411CA2CEA /* Frameworks */,
				19C28FACFE9D520D11CA2CBB /* Products */,
			);
			name = WarpTest;
			sourceTree = "<group>";
		};
		50EDD9E057F04BAF933FB776 /* include */ = {
			isa = PBXGroup;
			children = (
				1FE20314444B41D796A22398 /* Warp.h */,
				823DC1E0C5724456BD1A3D3D /* WarpBilinear.h */,
				1620946A36EC4C82B9EF97BF /* WarpPerspective.h */,
				AB866EE97F9040C8A9D691C8 /* WarpPerspectiveBilinear.h */,
			);
			name = include;
			sourceTree = "<group>";
		};
		ECC1FB7864154F6481D834E6 /* src */ = {
			isa = PBXGroup;
			children = (
				09BF9B5BE37144BF98690EBB /* Warp.cpp */,
				1CF39A9A0F534FF9B90BFBC2 /* WarpBilinear.cpp */,
				F03E6D1BABF84B9B93C19388 /* WarpPerspective.cpp */,
				50946AAB93D94035BCA0D961 /* WarpPerspectiveBilinear.cpp */,
			);
			name = src;
			sourceTree = "<group>";
		};
		80DC2330EBE542AF8B41E7B8 /* Warping */ = {
			isa = PBXGroup;
			children = (
				50EDD9E057F04BAF933FB776 /* include */,
				ECC1FB7864154F6481D834E6 /* src */,
			);
			name = Warping;
			sourceTree = "<group>";
		};
		CA05C082361A439FA0C1FA69 /* include */ = {
			isa = PBXGroup;
			children = (
				3173C18064224D188AAE0B01 /* CinderOpenCV.h */,
			);
			name = include;
			sourceTree = "<group>";
		};
		7B1543CDF66146BD94F0C63F /* OpenCV */ = {
			isa = PBXGroup;
			children = (
				CA05C082361A439FA0C1FA69 /* include */,
			);
			name = OpenCV;
			sourceTree = "<group>";
		};
		01B97315FEAEA392516A2CEA /* Blocks */ = {
			isa = PBXGroup;
			children = (
				80DC2330EBE542AF8B41E7B8 /* Warping */,
				7B1543CDF66146BD94F0C63F /* OpenCV */,
			);
			name = Blocks;
			sourceTree = "<group>";
		};
		29B97315FDCFA39411CA2CEA /* Headers */ = {
			isa = PBXGroup;
			children = (
				E7D2CF4E74E143E5B22CBB3F /* Resources.h */,
				F37A1C6D339D4C0387ACAC79 /* WarpTest_Prefix.pch */,
			);
			name = Headers;
			sourceTree = "<group>";
		};
		29B97317FDCFA39411CA2CEA /* Resources */ = {
			isa = PBXGroup;
			children = (
				EA79C31F30094A9686652FE5 /* CinderApp.icns */,
				7A7AD0F3D20446069466F1BF /* Info.plist */,
			);
			name = Resources;
			sourceTree = "<group>";
		};
		29B97323FDCFA39411CA2CEA /* Frameworks */ = {
			isa = PBXGroup;
			children = (
				1058C7A0FEA54F0111CA2CBB /* Linked Frameworks */,
				1058C7A2FEA54F0111CA2CBB /* Other Frameworks */,
			);
			name = Frameworks;
			sourceTree = "<group>";
		};
/* End PBXGroup section */

/* Begin PBXNativeTarget section */
		8D1107260486CEB800E47090 /* WarpTest */ = {
			isa = PBXNativeTarget;
			buildConfigurationList = C01FCF4A08A954540054247B /* Build configuration list for PBXNativeTarget "WarpTest" */;
			buildPhases = (
				8D1107290486CEB800E47090 /* Resources */,
				8D11072C0486CEB800E47090 /* Sources */,
				8D11072E0486CEB800E47090 /* Frameworks */,
			);
			buildRules = (
			);
			dependencies = (
			);
			name = WarpTest;
			productInstallPath = "$(HOME)/Applications";
			productName = WarpTest;
			productReference = 8D1107320486CEB800E47090 /* WarpTest.app */;
			productType = "com.apple.product-type.application";
		};
/* End PBXNativeTarget section */

/* Begin PBXProject section */
		29B97313FDCFA39411CA2CEA /* Project object */ = {
			isa = PBXProject;
			buildConfigurationList = C01FCF4E08A954540054247B /* Build configuration list for PBXProject "WarpTest" */;
			compatibilityVersion = "Xcode 3.2";
			developmentRegion = English;
			hasScannedForEncodings = 1;
			knownRegions = (
				English,
				Japanese,
				French,
				German,
			);
			mainGroup = 29B97314FDCFA39411CA2CEA /* WarpTest */;
			projectDirPath = "";
			projectRoot = "";
			targets = (
				8D1107260486CEB800E47090 /* WarpTest */,
			);
		};
/* End PBXProject section */

/* Begin PBXResourcesBuildPhase section */
		8D1107290486CEB800E47090 /* Resources */ = {
			isa = PBXResourcesBuildPhase;
			buildActionMask = 2147483647;
			files = (
				A72BA3463D03436C84136F18 /* CinderApp.icns in Resources */,
			);
			runOnlyForDeploymentPostprocessing = 0;
		};
/* End PBXResourcesBuildPhase section */

/* Begin PBXSourcesBuildPhase section */
		8D11072C0486CEB800E47090 /* Sources */ = {
			isa = PBXSourcesBuildPhase;
			buildActionMask = 2147483647;
			files = (
				D1AAC7CBB59F4BB4898ED098 /* WarpTestApp.cpp in Sources */,
				367D742DB60349C29635961F /* Warp.cpp in Sources */,
				BB2523EEA22947969F207DC8 /* WarpBilinear.cpp in Sources */,
				ED96D6FDC21C4F82A5401AC6 /* WarpPerspective.cpp in Sources */,
				BC487375C47F49E49FC73D1B /* WarpPerspectiveBilinear.cpp in Sources */,
			);
			runOnlyForDeploymentPostprocessing = 0;
		};
/* End PBXSourcesBuildPhase section */

/* Begin XCBuildConfiguration section */
		C01FCF4B08A954540054247B /* Debug */ = {
			isa = XCBuildConfiguration;
			buildSettings = {
				COMBINE_HIDPI_IMAGES = YES;
				DEAD_CODE_STRIPPING = YES;
				COPY_PHASE_STRIP = NO;
				GCC_DYNAMIC_NO_PIC = NO;
				GCC_INLINES_ARE_PRIVATE_EXTERN = YES;
				GCC_OPTIMIZATION_LEVEL = 0;
				GCC_PREPROCESSOR_DEFINITIONS = (
					"DEBUG=1",
					"$(inherited)",
				);
				GCC_PRECOMPILE_PREFIX_HEADER = YES;
				GCC_PREFIX_HEADER = WarpTest_Prefix.pch;
				GCC_SYMBOLS_PRIVATE_EXTERN = NO;
				INFOPLIST_FILE = Info.plist;
				INSTALL_PATH = "$(HOME)/Applications";
				OTHER_LDFLAGS = (
					"\"$(CINDER_PATH)/lib/libcinder_d.a\"",
					../blocks/OpenCV/lib/macosx/libopencv_calib3d.a,
					../blocks/OpenCV/lib/macosx/libopencv_contrib.a,
					../blocks/OpenCV/lib/macosx/libopencv_core.a,
					../blocks/OpenCV/lib/macosx/libopencv_features2d.a,
					../blocks/OpenCV/lib/macosx/libopencv_flann.a,
					../blocks/OpenCV/lib/macosx/libopencv_gpu.a,
					../blocks/OpenCV/lib/macosx/libopencv_imgproc.a,
					../blocks/OpenCV/lib/macosx/libopencv_legacy.a,
					../blocks/OpenCV/lib/macosx/libopencv_ml.a,
					../blocks/OpenCV/lib/macosx/libopencv_nonfree.a,
					../blocks/OpenCV/lib/macosx/libopencv_objdetect.a,
					../blocks/OpenCV/lib/macosx/libopencv_photo.a,
					../blocks/OpenCV/lib/macosx/libopencv_stitching.a,
					../blocks/OpenCV/lib/macosx/libopencv_ts.a,
					../blocks/OpenCV/lib/macosx/libopencv_video.a,
					../blocks/OpenCV/lib/macosx/libopencv_videostab.a,
				);
				PRODUCT_NAME = WarpTest;
				WRAPPER_EXTENSION = app;
				SYMROOT = ./build;
			};
			name = Debug;
		};
		C01FCF4C08A954540054247B /* Release */ = {
			isa = XCBuildConfiguration;
			buildSettings = {
				COMBINE_HIDPI_IMAGES = YES;
				DEAD_CODE_STRIPPING = YES;
				DEBUG_INFORMATION_FORMAT = "dwarf-with-dsym";
				GCC_FAST_MATH = YES;
				GCC_GENERATE_DEBUGGING_SYMBOLS = NO;
				GCC_INLINES_ARE_PRIVATE_EXTERN = YES;
				GCC_OPTIMIZATION_LEVEL = 3;
				GCC_PRECOMPILE_PREFIX_HEADER = YES;
				GCC_PREFIX_HEADER = WarpTest_Prefix.pch;
				GCC_SYMBOLS_PRIVATE_EXTERN = NO;
				INFOPLIST_FILE = Info.plist;
				INSTALL_PATH = "$(HOME)/Applications";
				OTHER_LDFLAGS = (
					"\"$(CINDER_PATH)/lib/libcinder.a\"",
					../blocks/OpenCV/lib/macosx/libopencv_calib3d.a,
					../blocks/OpenCV/lib/macosx/libopencv_contrib.a,
					../blocks/OpenCV/lib/macosx/libopencv_core.a,
					../blocks/OpenCV/lib/macosx/libopencv_features2d.a,
					../blocks/OpenCV/lib/macosx/libopencv_flann.a,
					../blocks/OpenCV/lib/macosx/libopencv_gpu.a,
					../blocks/OpenCV/lib/macosx/libopencv_imgproc.a,
					../blocks/OpenCV/lib/macosx/libopencv_legacy.a,
					../blocks/OpenCV/lib/macosx/libopencv_ml.a,
					../blocks/OpenCV/lib/macosx/libopencv_nonfree.a,
					../blocks/OpenCV/lib/macosx/libopencv_objdetect.a,
					../blocks/OpenCV/lib/macosx/libopencv_photo.a,
					../blocks/OpenCV/lib/macosx/libopencv_stitching.a,
					../blocks/OpenCV/lib/macosx/libopencv_ts.a,
					../blocks/OpenCV/lib/macosx/libopencv_video.a,
					../blocks/OpenCV/lib/macosx/libopencv_videostab.a,
				);
				PRODUCT_NAME = WarpTest;
				STRIP_INSTALLED_PRODUCT = YES;
				WRAPPER_EXTENSION = app;
				SYMROOT = ./build;
			};
			name = Release;
		};
		C01FCF4F08A954540054247B /* Debug */ = {
			isa = XCBuildConfiguration;
			buildSettings = {
				CLANG_CXX_LANGUAGE_STANDARD = "c++0x";
				CLANG_CXX_LIBRARY = "libc++";
				ALWAYS_SEARCH_USER_PATHS = NO;
				ARCHS = i386;
				CINDER_PATH = "../../..";
				GCC_WARN_ABOUT_RETURN_TYPE = YES;
				GCC_WARN_UNUSED_VARIABLE = YES;
				HEADER_SEARCH_PATHS = "\"$(CINDER_PATH)/boost\"";
				MACOSX_DEPLOYMENT_TARGET = 10.7;
				SDKROOT = macosx;
				USER_HEADER_SEARCH_PATHS = (
					"\"$(CINDER_PATH)/include\" ../include",
					../blocks/Warping/include,
					../blocks/OpenCV/include,
					../blocks/OpenCV/include/opencv2,
				);
			};
			name = Debug;
		};
		C01FCF5008A954540054247B /* Release */ = {
			isa = XCBuildConfiguration;
			buildSettings = {
				CLANG_CXX_LANGUAGE_STANDARD = "c++0x";
				CLANG_CXX_LIBRARY = "libc++";
				ALWAYS_SEARCH_USER_PATHS = NO;
				ARCHS = i386;
				CINDER_PATH = "../../..";
				GCC_WARN_ABOUT_RETURN_TYPE = YES;
				GCC_WARN_UNUSED_VARIABLE = YES;
				HEADER_SEARCH_PATHS = "\"$(CINDER_PATH)/boost\"";
				MACOSX_DEPLOYMENT_TARGET = 10.7;
				SDKROOT = macosx;
				USER_HEADER_SEARCH_PATHS = (
					"\"$(CINDER_PATH)/include\" ../include",
					../blocks/Warping/include,
					../blocks/OpenCV/include,
					../blocks/OpenCV/include/opencv2,
				);
			};
			name = Release;
		};
/* End XCBuildConfiguration section */

/* Begin XCConfigurationList section */
		C01FCF4A08A954540054247B /* Build configuration list for PBXNativeTarget "WarpTest" */ = {
			isa = XCConfigurationList;
			buildConfigurations = (
				C01FCF4B08A954540054247B /* Debug */,
				C01FCF4C08A954540054247B /* Release */,
			);
			defaultConfigurationIsVisible = 0;
			defaultConfigurationName = Release;
		};
		C01FCF4E08A954540054247B /* Build configuration list for PBXProject "WarpTest" */ = {
			isa = XCConfigurationList;
			buildConfigurations = (
				C01FCF4F08A954540054247B /* Debug */,
				C01FCF5008A954540054247B /* Release */,
			);
			defaultConfigurationIsVisible = 0;
			defaultConfigurationName = Release;
		};
/* End XCConfigurationList section */
	};
	rootObject = 29B97313FDCFA39411CA2CEA /* Project object */;
}
